// !$*UTF8*$!
{
	archiveVersion = 1;
	classes = {
	};
	objectVersion = 46;
	objects = {

/* Begin PBXBuildFile section */
		43DDCC9D1EF55727004922A7 /* main.cpp in Sources */ = {isa = PBXBuildFile; fileRef = 43DDCC9C1EF55727004922A7 /* main.cpp */; };
		43DDCCA51EF5573D004922A7 /* OpenGL.framework in Frameworks */ = {isa = PBXBuildFile; fileRef = 43DDCCA41EF5573D004922A7 /* OpenGL.framework */; };
		43DDCCA71EF55742004922A7 /* GLUT.framework in Frameworks */ = {isa = PBXBuildFile; fileRef = 43DDCCA61EF55742004922A7 /* GLUT.framework */; };
/* End PBXBuildFile section */

/* Begin PBXCopyFilesBuildPhase section */
		43DDCC971EF55727004922A7 /* CopyFiles */ = {
			isa = PBXCopyFilesBuildPhase;
			buildActionMask = 2147483647;
			dstPath = /usr/share/man/man1/;
			dstSubfolderSpec = 0;
			files = (
			);
			runOnlyForDeploymentPostprocessing = 1;
		};
/* End PBXCopyFilesBuildPhase section */

/* Begin PBXFileReference section */
		43DDCC991EF55727004922A7 /* Graphics_Final_Project */ = {isa = PBXFileReference; explicitFileType = "compiled.mach-o.executable"; includeInIndex = 0; path = Graphics_Final_Project; sourceTree = BUILT_PRODUCTS_DIR; };
		43DDCC9C1EF55727004922A7 /* main.cpp */ = {isa = PBXFileReference; lastKnownFileType = sourcecode.cpp.cpp; path = main.cpp; sourceTree = "<group>"; };
		43DDCCA41EF5573D004922A7 /* OpenGL.framework */ = {isa = PBXFileReference; lastKnownFileType = wrapper.framework; name = OpenGL.framework; path = System/Library/Frameworks/OpenGL.framework; sourceTree = SDKROOT; };
		43DDCCA61EF55742004922A7 /* GLUT.framework */ = {isa = PBXFileReference; lastKnownFileType = wrapper.framework; name = GLUT.framework; path = System/Library/Frameworks/GLUT.framework; sourceTree = SDKROOT; };
/* End PBXFileReference section */

/* Begin PBXFrameworksBuildPhase section */
		43DDCC961EF55727004922A7 /* Frameworks */ = {
			isa = PBXFrameworksBuildPhase;
			buildActionMask = 2147483647;
			files = (
				43DDCCA71EF55742004922A7 /* GLUT.framework in Frameworks */,
				43DDCCA51EF5573D004922A7 /* OpenGL.framework in Frameworks */,
			);
			runOnlyForDeploymentPostprocessing = 0;
		};
/* End PBXFrameworksBuildPhase section */

/* Begin PBXGroup section */
		43DDCC901EF55727004922A7 = {
			isa = PBXGroup;
			children = (
				43DDCC9B1EF55727004922A7 /* Graphics_Final_Project */,
				43DDCC9A1EF55727004922A7 /* Products */,
				43DDCCA31EF5573D004922A7 /* Frameworks */,
			);
			sourceTree = "<group>";
		};
		43DDCC9A1EF55727004922A7 /* Products */ = {
			isa = PBXGroup;
			children = (
				43DDCC991EF55727004922A7 /* Graphics_Final_Project */,
			);
			name = Products;
			sourceTree = "<group>";
		};
		43DDCC9B1EF55727004922A7 /* Graphics_Final_Project */ = {
			isa = PBXGroup;
			children = (
				43DDCC9C1EF55727004922A7 /* main.cpp */,
			);
			path = Graphics_Final_Project;
			sourceTree = "<group>";
		};
		43DDCCA31EF5573D004922A7 /* Frameworks */ = {
			isa = PBXGroup;
			children = (
				43DDCCA61EF55742004922A7 /* GLUT.framework */,
				43DDCCA41EF5573D004922A7 /* OpenGL.framework */,
			);
			name = Frameworks;
			sourceTree = "<group>";
		};
/* End PBXGroup section */

/* Begin PBXNativeTarget section */
		43DDCC981EF55727004922A7 /* Graphics_Final_Project */ = {
			isa = PBXNativeTarget;
			buildConfigurationList = 43DDCCA01EF55727004922A7 /* Build configuration list for PBXNativeTarget "Graphics_Final_Project" */;
			buildPhases = (
				43DDCC951EF55727004922A7 /* Sources */,
				43DDCC961EF55727004922A7 /* Frameworks */,
				43DDCC971EF55727004922A7 /* CopyFiles */,
			);
			buildRules = (
			);
			dependencies = (
			);
			name = Graphics_Final_Project;
			productName = Graphics_Final_Project;
			productReference = 43DDCC991EF55727004922A7 /* Graphics_Final_Project */;
			productType = "com.apple.product-type.tool";
		};
/* End PBXNativeTarget section */

/* Begin PBXProject section */
		43DDCC911EF55727004922A7 /* Project object */ = {
			isa = PBXProject;
			attributes = {
				LastUpgradeCheck = 0800;
				ORGANIZATIONNAME = Macbook;
				TargetAttributes = {
					43DDCC981EF55727004922A7 = {
						CreatedOnToolsVersion = 8.0;
						ProvisioningStyle = Automatic;
					};
				};
			};
			buildConfigurationList = 43DDCC941EF55727004922A7 /* Build configuration list for PBXProject "Graphics_Final_Project" */;
			compatibilityVersion = "Xcode 3.2";
			developmentRegion = English;
			hasScannedForEncodings = 0;
			knownRegions = (
				en,
			);
			mainGroup = 43DDCC901EF55727004922A7;
			productRefGroup = 43DDCC9A1EF55727004922A7 /* Products */;
			projectDirPath = "";
			projectRoot = "";
			targets = (
				43DDCC981EF55727004922A7 /* Graphics_Final_Project */,
			);
		};
/* End PBXProject section */

/* Begin PBXSourcesBuildPhase section */
		43DDCC951EF55727004922A7 /* Sources */ = {
			isa = PBXSourcesBuildPhase;
			buildActionMask = 2147483647;
			files = (
				43DDCC9D1EF55727004922A7 /* main.cpp in Sources */,
			);
			runOnlyForDeploymentPostprocessing = 0;
		};
/* End PBXSourcesBuildPhase section */

/* Begin XCBuildConfiguration section */
		43DDCC9E1EF55727004922A7 /* Debug */ = {
			isa = XCBuildConfiguration;
			buildSettings = {
				ALWAYS_SEARCH_USER_PATHS = NO;
				CLANG_ANALYZER_NONNULL = YES;
				CLANG_CXX_LANGUAGE_STANDARD = "gnu++0x";
				CLANG_CXX_LIBRARY = "libc++";
				CLANG_ENABLE_MODULES = YES;
				CLANG_ENABLE_OBJC_ARC = YES;
				CLANG_WARN_BOOL_CONVERSION = YES;
				CLANG_WARN_CONSTANT_CONVERSION = YES;
				CLANG_WARN_DIRECT_OBJC_ISA_USAGE = YES_ERROR;
				CLANG_WARN_DOCUMENTATION_COMMENTS = YES;
				CLANG_WARN_EMPTY_BODY = YES;
				CLANG_WARN_ENUM_CONVERSION = YES;
				CLANG_WARN_INFINITE_RECURSION = YES;
				CLANG_WARN_INT_CONVERSION = YES;
				CLANG_WARN_OBJC_ROOT_CLASS = YES_ERROR;
				CLANG_WARN_SUSPICIOUS_MOVES = YES;
				CLANG_WARN_UNREACHABLE_CODE = YES;
				CLANG_WARN__DUPLICATE_METHOD_MATCH = YES;
				CODE_SIGN_IDENTITY = "-";
				COPY_PHASE_STRIP = NO;
				DEBUG_INFORMATION_FORMAT = dwarf;
				ENABLE_STRICT_OBJC_MSGSEND = YES;
				ENABLE_TESTABILITY = YES;
				GCC_C_LANGUAGE_STANDARD = gnu99;
				GCC_DYNAMIC_NO_PIC = NO;
				GCC_NO_COMMON_BLOCKS = YES;
				GCC_OPTIMIZATION_LEVEL = 0;
				GCC_PREPROCESSOR_DEFINITIONS = (
					"DEBUG=1",
					"$(inherited)",
				);
				GCC_WARN_64_TO_32_BIT_CONVERSION = YES;
				GCC_WARN_ABOUT_RETURN_TYPE = YES_ERROR;
				GCC_WARN_UNDECLARED_SELECTOR = YES;
				GCC_WARN_UNINITIALIZED_AUTOS = YES_AGGRESSIVE;
				GCC_WARN_UNUSED_FUNCTION = YES;
				GCC_WARN_UNUSED_VARIABLE = YES;
				MACOSX_DEPLOYMENT_TARGET = 10.12;
				MTL_ENABLE_DEBUG_INFO = YES;
				ONLY_ACTIVE_ARCH = YES;
				SDKROOT = macosx;
			};
			name = Debug;
		};
		43DDCC9F1EF55727004922A7 /* Release */ = {
			isa = XCBuildConfiguration;
			buildSettings = {
				ALWAYS_SEARCH_USER_PATHS = NO;
				CLANG_ANALYZER_NONNULL = YES;
				CLANG_CXX_LANGUAGE_STANDARD = "gnu++0x";
				CLANG_CXX_LIBRARY = "libc++";
				CLANG_ENABLE_MODULES = YES;
				CLANG_ENABLE_OBJC_ARC = YES;
				CLANG_WARN_BOOL_CONVERSION = YES;
				CLANG_WARN_CONSTANT_CONVERSION = YES;
				CLANG_WARN_DIRECT_OBJC_ISA_USAGE = YES_ERROR;
				CLANG_WARN_DOCUMENTATION_COMMENTS = YES;
				CLANG_WARN_EMPTY_BODY = YES;
				CLANG_WARN_ENUM_CONVERSION = YES;
				CLANG_WARN_INFINITE_RECURSION = YES;
				CLANG_WARN_INT_CONVERSION = YES;
				CLANG_WARN_OBJC_ROOT_CLASS = YES_ERROR;
				CLANG_WARN_SUSPICIOUS_MOVES = YES;
				CLANG_WARN_UNREACHABLE_CODE = YES;
				CLANG_WARN__DUPLICATE_METHOD_MATCH = YES;
				CODE_SIGN_IDENTITY = "-";
				COPY_PHASE_STRIP = NO;
				DEBUG_INFORMATION_FORMAT = "dwarf-with-dsym";
				ENABLE_NS_ASSERTIONS = NO;
				ENABLE_STRICT_OBJC_MSGSEND = YES;
				GCC_C_LANGUAGE_STANDARD = gnu99;
				GCC_NO_COMMON_BLOCKS = YES;
				GCC_WARN_64_TO_32_BIT_CONVERSION = YES;
				GCC_WARN_ABOUT_RETURN_TYPE = YES_ERROR;
				GCC_WARN_UNDECLARED_SELECTOR = YES;
				GCC_WARN_UNINITIALIZED_AUTOS = YES_AGGRESSIVE;
				GCC_WARN_UNUSED_FUNCTION = YES;
				GCC_WARN_UNUSED_VARIABLE = YES;
				MACOSX_DEPLOYMENT_TARGET = 10.12;
				MTL_ENABLE_DEBUG_INFO = NO;
				SDKROOT = macosx;
			};
			name = Release;
		};
		43DDCCA11EF55727004922A7 /* Debug */ = {
			isa = XCBuildConfiguration;
			buildSettings = {
				PRODUCT_NAME = "$(TARGET_NAME)";
			};
			name = Debug;
		};
		43DDCCA21EF55727004922A7 /* Release */ = {
			isa = XCBuildConfiguration;
			buildSettings = {
				PRODUCT_NAME = "$(TARGET_NAME)";
			};
			name = Release;
		};
/* End XCBuildConfiguration section */

/* Begin XCConfigurationList section */
		43DDCC941EF55727004922A7 /* Build configuration list for PBXProject "Graphics_Final_Project" */ = {
			isa = XCConfigurationList;
			buildConfigurations = (
				43DDCC9E1EF55727004922A7 /* Debug */,
				43DDCC9F1EF55727004922A7 /* Release */,
			);
			defaultConfigurationIsVisible = 0;
			defaultConfigurationName = Release;
		};
		43DDCCA01EF55727004922A7 /* Build configuration list for PBXNativeTarget "Graphics_Final_Project" */ = {
			isa = XCConfigurationList;
			buildConfigurations = (
				43DDCCA11EF55727004922A7 /* Debug */,
				43DDCCA21EF55727004922A7 /* Release */,
			);
			defaultConfigurationIsVisible = 0;
		};
/* End XCConfigurationList section */
	};
	rootObject = 43DDCC911EF55727004922A7 /* Project object */;
}
